
Microsoft Visual Studio Solution File, Format Version 12.00
# Visual Studio 15
VisualStudioVersion = 15.0.27825.0
MinimumVisualStudioVersion = 10.0.40219.1
Project("{151D2E53-A2C4-4D7D-83FE-D05416EBD58E}") = "IoTChallengeDeploy", "IoTChallengeDeploy\IoTChallengeDeploy.deployproj", "{8B027C49-78B7-4B89-820A-1490BC107C40}"
EndProject
Project("{9A19103F-16F7-4668-BE54-9A1E7A4F7556}") = "iotWebApp", "iotWebApp\iotWebApp.csproj", "{982CFBBE-C65B-4FD4-8C35-1351956749D6}"
EndProject
Project("{2150E333-8FDC-42A3-9474-1A3956D46DE8}") = "SupportFiles", "SupportFiles", "{B4DA4315-DE8C-4050-B8A6-1AAD3EA7053F}"
	ProjectSection(SolutionItems) = preProject
		..\functionAppCode\IoTHubCSharp_EventHub1\iotCosmosDBFunction.csx = ..\functionAppCode\IoTHubCSharp_EventHub1\iotCosmosDBFunction.csx
	EndProjectSection
EndProject
Global
	GlobalSection(SolutionConfigurationPlatforms) = preSolution
		Debug|Any CPU = Debug|Any CPU
		Release|Any CPU = Release|Any CPU
	EndGlobalSection
	GlobalSection(ProjectConfigurationPlatforms) = postSolution
		{8B027C49-78B7-4B89-820A-1490BC107C40}.Debug|Any CPU.ActiveCfg = Debug|Any CPU
		{8B027C49-78B7-4B89-820A-1490BC107C40}.Debug|Any CPU.Build.0 = Debug|Any CPU
		{8B027C49-78B7-4B89-820A-1490BC107C40}.Release|Any CPU.ActiveCfg = Release|Any CPU
		{8B027C49-78B7-4B89-820A-1490BC107C40}.Release|Any CPU.Build.0 = Release|Any CPU
		{982CFBBE-C65B-4FD4-8C35-1351956749D6}.Debug|Any CPU.ActiveCfg = Debug|Any CPU
		{982CFBBE-C65B-4FD4-8C35-1351956749D6}.Debug|Any CPU.Build.0 = Debug|Any CPU
		{982CFBBE-C65B-4FD4-8C35-1351956749D6}.Release|Any CPU.ActiveCfg = Release|Any CPU
		{982CFBBE-C65B-4FD4-8C35-1351956749D6}.Release|Any CPU.Build.0 = Release|Any CPU
	EndGlobalSection
	GlobalSection(SolutionProperties) = preSolution
		HideSolutionNode = FALSE
	EndGlobalSection
	GlobalSection(ExtensibilityGlobals) = postSolution
		SolutionGuid = {1EE198F2-5E91-445F-A23F-F0007C8FF0E6}
	EndGlobalSection
EndGlobal
